
Microsoft Visual Studio Solution File, Format Version 12.00
# Visual Studio Version 16
VisualStudioVersion = 16.0.30011.22
MinimumVisualStudioVersion = 10.0.40219.1
Project("{FAE04EC0-301F-11D3-BF4B-00C04F79EFBC}") = "Dataship", "Dataship\Dataship.csproj", "{11D85FB8-8D43-42F7-AEC1-1489C1855DCB}"
EndProject
Global
	GlobalSection(SolutionConfigurationPlatforms) = preSolution
		Debug|Any CPU = Debug|Any CPU
		Release|Any CPU = Release|Any CPU
	EndGlobalSection
	GlobalSection(ProjectConfigurationPlatforms) = postSolution
		{11D85FB8-8D43-42F7-AEC1-1489C1855DCB}.Debug|Any CPU.ActiveCfg = Debug|Any CPU
		{11D85FB8-8D43-42F7-AEC1-1489C1855DCB}.Debug|Any CPU.Build.0 = Debug|Any CPU
		{11D85FB8-8D43-42F7-AEC1-1489C1855DCB}.Release|Any CPU.ActiveCfg = Release|Any CPU
		{11D85FB8-8D43-42F7-AEC1-1489C1855DCB}.Release|Any CPU.Build.0 = Release|Any CPU
	EndGlobalSection
	GlobalSection(SolutionProperties) = preSolution
		HideSolutionNode = FALSE
	EndGlobalSection
	GlobalSection(ExtensibilityGlobals) = postSolution
		SolutionGuid = {56A26EF9-DBB0-4E08-A61C-7154D2295462}
	EndGlobalSection
EndGlobal
